
Microsoft Visual Studio Solution File, Format Version 12.00
# Visual Studio 14
VisualStudioVersion = 14.0.25420.1
MinimumVisualStudioVersion = 10.0.40219.1
Project("{FAE04EC0-301F-11D3-BF4B-00C04F79EFBC}") = "Life", "Life\Life.csproj", "{4BB26210-1C3E-4743-A9CC-3E8DE97DD8B5}"
EndProject
Project("{FAE04EC0-301F-11D3-BF4B-00C04F79EFBC}") = "Life.Test", "Life.Test\Life.Test.csproj", "{7AB27174-F74B-4E5E-AAD0-9799CF4849A1}"
EndProject
Project("{FAE04EC0-301F-11D3-BF4B-00C04F79EFBC}") = "CommonPatterns", "CommonPatterns\CommonPatterns.csproj", "{231CB5EC-F60A-490A-BA27-46D3A3D09BFB}"
EndProject
Project("{FAE04EC0-301F-11D3-BF4B-00C04F79EFBC}") = "Life.WinForms", "Life.WinForms\Life.WinForms.csproj", "{12D961AA-B64F-4019-B473-15BB13D5FE24}"
EndProject
Global
	GlobalSection(SolutionConfigurationPlatforms) = preSolution
		Debug|Any CPU = Debug|Any CPU
		Release|Any CPU = Release|Any CPU
	EndGlobalSection
	GlobalSection(ProjectConfigurationPlatforms) = postSolution
		{4BB26210-1C3E-4743-A9CC-3E8DE97DD8B5}.Debug|Any CPU.ActiveCfg = Debug|Any CPU
		{4BB26210-1C3E-4743-A9CC-3E8DE97DD8B5}.Debug|Any CPU.Build.0 = Debug|Any CPU
		{4BB26210-1C3E-4743-A9CC-3E8DE97DD8B5}.Release|Any CPU.ActiveCfg = Release|Any CPU
		{4BB26210-1C3E-4743-A9CC-3E8DE97DD8B5}.Release|Any CPU.Build.0 = Release|Any CPU
		{7AB27174-F74B-4E5E-AAD0-9799CF4849A1}.Debug|Any CPU.ActiveCfg = Debug|Any CPU
		{7AB27174-F74B-4E5E-AAD0-9799CF4849A1}.Debug|Any CPU.Build.0 = Debug|Any CPU
		{7AB27174-F74B-4E5E-AAD0-9799CF4849A1}.Release|Any CPU.ActiveCfg = Release|Any CPU
		{7AB27174-F74B-4E5E-AAD0-9799CF4849A1}.Release|Any CPU.Build.0 = Release|Any CPU
		{231CB5EC-F60A-490A-BA27-46D3A3D09BFB}.Debug|Any CPU.ActiveCfg = Debug|Any CPU
		{231CB5EC-F60A-490A-BA27-46D3A3D09BFB}.Debug|Any CPU.Build.0 = Debug|Any CPU
		{231CB5EC-F60A-490A-BA27-46D3A3D09BFB}.Release|Any CPU.ActiveCfg = Release|Any CPU
		{231CB5EC-F60A-490A-BA27-46D3A3D09BFB}.Release|Any CPU.Build.0 = Release|Any CPU
		{12D961AA-B64F-4019-B473-15BB13D5FE24}.Debug|Any CPU.ActiveCfg = Debug|Any CPU
		{12D961AA-B64F-4019-B473-15BB13D5FE24}.Debug|Any CPU.Build.0 = Debug|Any CPU
		{12D961AA-B64F-4019-B473-15BB13D5FE24}.Release|Any CPU.ActiveCfg = Release|Any CPU
		{12D961AA-B64F-4019-B473-15BB13D5FE24}.Release|Any CPU.Build.0 = Release|Any CPU
	EndGlobalSection
	GlobalSection(SolutionProperties) = preSolution
		HideSolutionNode = FALSE
	EndGlobalSection
EndGlobal
